{
  "object": {
    "pins": [
      {
        "package": "DynamicColor",
        "repositoryURL": "https://github.com/yannickl/DynamicColor.git",
        "state": {
          "branch": null,
          "revision": "d9beca13ca85baa50ee29832d0db5129fba69630",
          "version": "5.0.1"
        }
      },
      {
        "package": "Kingfisher",
        "repositoryURL": "https://github.com/onevcat/Kingfisher.git",
        "state": {
          "branch": null,
          "revision": "59eb199fdb8dd47733624e8b0277822d0232579e",
          "version": "7.2.2"
        }
      }
    ]
  },
  "version": 1
}
